PODS:
  - Flutter (1.0.0)
  - Split (3.0.0)
  - splitio_ios (0.7.0):
    - Flutter
    - Split (~> 3.0.0)

DEPENDENCIES:
  - Flutter (from `Flutter`)
  - splitio_ios (from `.symlinks/plugins/splitio_ios/ios`)

SPEC REPOS:
  trunk:
    - Split

EXTERNAL SOURCES:
  Flutter:
    :path: Flutter
  splitio_ios:
    :path: ".symlinks/plugins/splitio_ios/ios"

SPEC CHECKSUMS:
  Flutter: e0871f40cf51350855a761d2e70bf5af5b9b5de7
  Split: 66424040ad573d052f58269f841e71b34578a916
  splitio_ios: e4e3becbe89cae0a2fa9ca03a575c21f23af0d90

PODFILE CHECKSUM: 4e8f8b2be68aeea4c0d5beb6ff1e79fface1d048

COCOAPODS: 1.15.0
