PODS:
  - Flutter (1.0.0)
  - Split (3.6.0)
  - splitio_ios (0.9.0):
    - Flutter
    - Split (~> 3.6.0)

DEPENDENCIES:
  - Flutter (from `Flutter`)
  - splitio_ios (from `.symlinks/plugins/splitio_ios/ios`)

SPEC REPOS:
  trunk:
    - Split

EXTERNAL SOURCES:
  Flutter:
    :path: Flutter
  splitio_ios:
    :path: ".symlinks/plugins/splitio_ios/ios"

SPEC CHECKSUMS:
  Flutter: cabc95a1d2626b1b06e7179b784ebcf0c0cde467
  Split: 1e2176aacd6421029bea41413401389d86e3d50a
  splitio_ios: ad4f484a6c478bf7285e417ea8252371f66b54ff

PODFILE CHECKSUM: 4e8f8b2be68aeea4c0d5beb6ff1e79fface1d048

COCOAPODS: 1.16.2
