PODS:
  - Flutter (1.0.0)
  - Split (2.20.1)
  - splitio_ios (0.2.0):
    - Flutter
    - Split (~> 2.20.1)

DEPENDENCIES:
  - Flutter (from `Flutter`)
  - splitio_ios (from `.symlinks/plugins/splitio_ios/ios`)

SPEC REPOS:
  trunk:
    - Split

EXTERNAL SOURCES:
  Flutter:
    :path: Flutter
  splitio_ios:
    :path: ".symlinks/plugins/splitio_ios/ios"

SPEC CHECKSUMS:
  Flutter: 50d75fe2f02b26cc09d224853bb45737f8b3214a
  Split: afbdfda76fe2c90bd449564eed2d83de00c0ff69
  splitio_ios: e6d3dfe108ba894129a6b249d8914e3c44f0ffc4

PODFILE CHECKSUM: 6ab177d3659abbf5f15e864674366127c98cb8c0

COCOAPODS: 1.11.3
