PODS:
  - Flutter (1.0.0)
  - Split (2.25.0)
  - splitio_ios (0.5.0):
    - Flutter
    - Split (~> 2.25.0)

DEPENDENCIES:
  - Flutter (from `Flutter`)
  - splitio_ios (from `.symlinks/plugins/splitio_ios/ios`)

SPEC REPOS:
  trunk:
    - Split

EXTERNAL SOURCES:
  Flutter:
    :path: Flutter
  splitio_ios:
    :path: ".symlinks/plugins/splitio_ios/ios"

SPEC CHECKSUMS:
  Flutter: e0871f40cf51350855a761d2e70bf5af5b9b5de7
  Split: 268875814285de6ab6cd25744e170b407651a080
  splitio_ios: f6af0613ceedf0c037673afe256479bb0f6fc6ec

PODFILE CHECKSUM: aed42fc5c94ade572556b7ed357c5c57f1bd83a2

COCOAPODS: 1.15.0
